
Microsoft Visual Studio Solution File, Format Version 12.00
# Visual Studio Version 16
VisualStudioVersion = 16.0.30804.86
MinimumVisualStudioVersion = 10.0.40219.1
Project("{FAE04EC0-301F-11D3-BF4B-00C04F79EFBC}") = "HelloWorldBT", "HelloWorldBT.csproj", "{4EEAA259-9DE0-4442-8CF9-B410704D791A}"
EndProject
Global
	GlobalSection(SolutionConfigurationPlatforms) = preSolution
		Debug|Any CPU = Debug|Any CPU
		Release|Any CPU = Release|Any CPU
	EndGlobalSection
	GlobalSection(ProjectConfigurationPlatforms) = postSolution
		{4EEAA259-9DE0-4442-8CF9-B410704D791A}.Debug|Any CPU.ActiveCfg = Debug|Any CPU
		{4EEAA259-9DE0-4442-8CF9-B410704D791A}.Debug|Any CPU.Build.0 = Debug|Any CPU
		{4EEAA259-9DE0-4442-8CF9-B410704D791A}.Release|Any CPU.ActiveCfg = Release|Any CPU
		{4EEAA259-9DE0-4442-8CF9-B410704D791A}.Release|Any CPU.Build.0 = Release|Any CPU
	EndGlobalSection
	GlobalSection(SolutionProperties) = preSolution
		HideSolutionNode = FALSE
	EndGlobalSection
	GlobalSection(ExtensibilityGlobals) = postSolution
		SolutionGuid = {95578083-793D-45CA-BA15-E1B6863F76E4}
	EndGlobalSection
EndGlobal
